
Microsoft Visual Studio Solution File, Format Version 12.00
# Visual Studio Version 17
VisualStudioVersion = 17.1.32328.378
MinimumVisualStudioVersion = 10.0.40219.1
Project("{FAE04EC0-301F-11D3-BF4B-00C04F79EFBC}") = "HerokuTestApp_Api_Only", "HerokuTestApp_Api_Only\HerokuTestApp_Api_Only.csproj", "{5DE38756-C3B9-42EB-A5CE-59A4BF7289B3}"
EndProject
Global
	GlobalSection(SolutionConfigurationPlatforms) = preSolution
		Debug|Any CPU = Debug|Any CPU
		Release|Any CPU = Release|Any CPU
	EndGlobalSection
	GlobalSection(ProjectConfigurationPlatforms) = postSolution
		{5DE38756-C3B9-42EB-A5CE-59A4BF7289B3}.Debug|Any CPU.ActiveCfg = Debug|Any CPU
		{5DE38756-C3B9-42EB-A5CE-59A4BF7289B3}.Debug|Any CPU.Build.0 = Debug|Any CPU
		{5DE38756-C3B9-42EB-A5CE-59A4BF7289B3}.Release|Any CPU.ActiveCfg = Release|Any CPU
		{5DE38756-C3B9-42EB-A5CE-59A4BF7289B3}.Release|Any CPU.Build.0 = Release|Any CPU
	EndGlobalSection
	GlobalSection(SolutionProperties) = preSolution
		HideSolutionNode = FALSE
	EndGlobalSection
	GlobalSection(ExtensibilityGlobals) = postSolution
		SolutionGuid = {B560B613-D4E3-40CD-B57C-616BE9C07D81}
	EndGlobalSection
EndGlobal
